
Microsoft Visual Studio Solution File, Format Version 12.00
# Visual Studio Version 17
VisualStudioVersion = 17.8.34511.84
MinimumVisualStudioVersion = 10.0.40219.1
Project("{9A19103F-16F7-4668-BE54-9A1E7A4F7556}") = "ampstr-sharp", "ampstr-sharp.csproj", "{1C842816-41DE-4F25-9F24-2DD87F4B1B04}"
EndProject
Global
	GlobalSection(SolutionConfigurationPlatforms) = preSolution
		AOT|Any CPU = AOT|Any CPU
		AOT|x64 = AOT|x64
		Debug|Any CPU = Debug|Any CPU
		Debug|x64 = Debug|x64
		Min-AOT|Any CPU = Min-AOT|Any CPU
		Min-AOT|x64 = Min-AOT|x64
		Release|Any CPU = Release|Any CPU
		Release|x64 = Release|x64
	EndGlobalSection
	GlobalSection(ProjectConfigurationPlatforms) = postSolution
		{1C842816-41DE-4F25-9F24-2DD87F4B1B04}.AOT|Any CPU.ActiveCfg = AOT|Any CPU
		{1C842816-41DE-4F25-9F24-2DD87F4B1B04}.AOT|Any CPU.Build.0 = AOT|Any CPU
		{1C842816-41DE-4F25-9F24-2DD87F4B1B04}.AOT|x64.ActiveCfg = AOT|x64
		{1C842816-41DE-4F25-9F24-2DD87F4B1B04}.AOT|x64.Build.0 = AOT|x64
		{1C842816-41DE-4F25-9F24-2DD87F4B1B04}.Debug|Any CPU.ActiveCfg = Debug|Any CPU
		{1C842816-41DE-4F25-9F24-2DD87F4B1B04}.Debug|Any CPU.Build.0 = Debug|Any CPU
		{1C842816-41DE-4F25-9F24-2DD87F4B1B04}.Debug|x64.ActiveCfg = Debug|x64
		{1C842816-41DE-4F25-9F24-2DD87F4B1B04}.Debug|x64.Build.0 = Debug|x64
		{1C842816-41DE-4F25-9F24-2DD87F4B1B04}.Min-AOT|Any CPU.ActiveCfg = Release|Any CPU
		{1C842816-41DE-4F25-9F24-2DD87F4B1B04}.Min-AOT|x64.ActiveCfg = Release|x64
		{1C842816-41DE-4F25-9F24-2DD87F4B1B04}.Release|Any CPU.ActiveCfg = Release|Any CPU
		{1C842816-41DE-4F25-9F24-2DD87F4B1B04}.Release|Any CPU.Build.0 = Release|Any CPU
		{1C842816-41DE-4F25-9F24-2DD87F4B1B04}.Release|x64.ActiveCfg = Release|x64
		{1C842816-41DE-4F25-9F24-2DD87F4B1B04}.Release|x64.Build.0 = Release|x64
	EndGlobalSection
	GlobalSection(SolutionProperties) = preSolution
		HideSolutionNode = FALSE
	EndGlobalSection
	GlobalSection(ExtensibilityGlobals) = postSolution
		SolutionGuid = {C0FCC81F-895A-47B0-93EB-BF210E43499E}
	EndGlobalSection
EndGlobal
